
Microsoft Visual Studio Solution File, Format Version 12.00
# Visual Studio Version 16
VisualStudioVersion = 16.0.31321.278
MinimumVisualStudioVersion = 10.0.40219.1
Project("{FAE04EC0-301F-11D3-BF4B-00C04F79EFBC}") = "EXERCISE PABD KE 1", "EXERCISE PABD KE 1\EXERCISE PABD KE 1.csproj", "{8428797D-8269-41E1-BCEA-4FDF5D078770}"
EndProject
Global
	GlobalSection(SolutionConfigurationPlatforms) = preSolution
		Debug|Any CPU = Debug|Any CPU
		Release|Any CPU = Release|Any CPU
	EndGlobalSection
	GlobalSection(ProjectConfigurationPlatforms) = postSolution
		{8428797D-8269-41E1-BCEA-4FDF5D078770}.Debug|Any CPU.ActiveCfg = Debug|Any CPU
		{8428797D-8269-41E1-BCEA-4FDF5D078770}.Debug|Any CPU.Build.0 = Debug|Any CPU
		{8428797D-8269-41E1-BCEA-4FDF5D078770}.Release|Any CPU.ActiveCfg = Release|Any CPU
		{8428797D-8269-41E1-BCEA-4FDF5D078770}.Release|Any CPU.Build.0 = Release|Any CPU
	EndGlobalSection
	GlobalSection(SolutionProperties) = preSolution
		HideSolutionNode = FALSE
	EndGlobalSection
	GlobalSection(ExtensibilityGlobals) = postSolution
		SolutionGuid = {D6D4E9A6-8BAE-44C1-86A2-908BE532A005}
	EndGlobalSection
EndGlobal
